
Microsoft Visual Studio Solution File, Format Version 12.00
# Visual Studio Version 16
VisualStudioVersion = 16.0.30621.155
MinimumVisualStudioVersion = 10.0.40219.1
Project("{9A19103F-16F7-4668-BE54-9A1E7A4F7556}") = "PudelkooApp", "Pudelkoo\PudelkooApp.csproj", "{247B2B6A-E73A-434A-A6D6-430070A3C729}"
EndProject
Project("{9A19103F-16F7-4668-BE54-9A1E7A4F7556}") = "PudelkoLibrary", "PudelkoLibrary\PudelkoLibrary.csproj", "{5DDF5679-308A-4D7D-99B6-48F08241993F}"
EndProject
Project("{FAE04EC0-301F-11D3-BF4B-00C04F79EFBC}") = "PudelkoUnitTests", "PudelkoUnitTests\PudelkoUnitTests.csproj", "{DF6283E2-9289-4165-BED1-D187D7586101}"
EndProject
Global
	GlobalSection(SolutionConfigurationPlatforms) = preSolution
		Debug|Any CPU = Debug|Any CPU
		Release|Any CPU = Release|Any CPU
	EndGlobalSection
	GlobalSection(ProjectConfigurationPlatforms) = postSolution
		{247B2B6A-E73A-434A-A6D6-430070A3C729}.Debug|Any CPU.ActiveCfg = Debug|Any CPU
		{247B2B6A-E73A-434A-A6D6-430070A3C729}.Debug|Any CPU.Build.0 = Debug|Any CPU
		{247B2B6A-E73A-434A-A6D6-430070A3C729}.Release|Any CPU.ActiveCfg = Release|Any CPU
		{247B2B6A-E73A-434A-A6D6-430070A3C729}.Release|Any CPU.Build.0 = Release|Any CPU
		{5DDF5679-308A-4D7D-99B6-48F08241993F}.Debug|Any CPU.ActiveCfg = Debug|Any CPU
		{5DDF5679-308A-4D7D-99B6-48F08241993F}.Debug|Any CPU.Build.0 = Debug|Any CPU
		{5DDF5679-308A-4D7D-99B6-48F08241993F}.Release|Any CPU.ActiveCfg = Release|Any CPU
		{5DDF5679-308A-4D7D-99B6-48F08241993F}.Release|Any CPU.Build.0 = Release|Any CPU
		{DF6283E2-9289-4165-BED1-D187D7586101}.Debug|Any CPU.ActiveCfg = Debug|Any CPU
		{DF6283E2-9289-4165-BED1-D187D7586101}.Debug|Any CPU.Build.0 = Debug|Any CPU
		{DF6283E2-9289-4165-BED1-D187D7586101}.Release|Any CPU.ActiveCfg = Release|Any CPU
		{DF6283E2-9289-4165-BED1-D187D7586101}.Release|Any CPU.Build.0 = Release|Any CPU
	EndGlobalSection
	GlobalSection(SolutionProperties) = preSolution
		HideSolutionNode = FALSE
	EndGlobalSection
	GlobalSection(ExtensibilityGlobals) = postSolution
		SolutionGuid = {C033FF58-A02A-4399-A19A-F4E4192C0E1F}
	EndGlobalSection
EndGlobal
